
Microsoft Visual Studio Solution File, Format Version 12.00
# Visual Studio 2013
VisualStudioVersion = 12.0.40629.0
MinimumVisualStudioVersion = 10.0.40219.1
Project("{2150E333-8FDC-42A3-9474-1A3956D46DE8}") = "Application", "Application", "{23371829-5037-46ED-B3DC-A4DB43041C53}"
EndProject
Project("{FAE04EC0-301F-11D3-BF4B-00C04F79EFBC}") = "DapperSamples", "src\DapperSamples\DapperSamples.csproj", "{5EAD6F15-B76B-4A36-AFDA-54174BC91378}"
EndProject
Global
	GlobalSection(SolutionConfigurationPlatforms) = preSolution
		Debug|Any CPU = Debug|Any CPU
		Release|Any CPU = Release|Any CPU
	EndGlobalSection
	GlobalSection(ProjectConfigurationPlatforms) = postSolution
		{5EAD6F15-B76B-4A36-AFDA-54174BC91378}.Debug|Any CPU.ActiveCfg = Debug|Any CPU
		{5EAD6F15-B76B-4A36-AFDA-54174BC91378}.Debug|Any CPU.Build.0 = Debug|Any CPU
		{5EAD6F15-B76B-4A36-AFDA-54174BC91378}.Release|Any CPU.ActiveCfg = Release|Any CPU
		{5EAD6F15-B76B-4A36-AFDA-54174BC91378}.Release|Any CPU.Build.0 = Release|Any CPU
	EndGlobalSection
	GlobalSection(SolutionProperties) = preSolution
		HideSolutionNode = FALSE
	EndGlobalSection
	GlobalSection(NestedProjects) = preSolution
		{5EAD6F15-B76B-4A36-AFDA-54174BC91378} = {23371829-5037-46ED-B3DC-A4DB43041C53}
	EndGlobalSection
EndGlobal
